{
    "_meta": {
        "hash": {
            "sha256": "a2e2fdd3f33e3552bdbbd5b5a36b3eadcf5facd0d350c4372a1ef86d80f269d1"
        },
        "pipfile-spec": 6,
        "requires": {
            "python_version": "3.9"
        },
        "sources": [
            {
                "name": "pypi",
                "url": "https://pypi.org/simple",
                "verify_ssl": true
            }
        ]
    },
    "default": {},
    "develop": {
        "attrs": {
            "hashes": [
                "sha256:29adc2665447e5191d0e7c568fde78b21f9672d344281d0c6e1ab085429b22b6",
                "sha256:86efa402f67bf2df34f51a335487cf46b1ec130d02b8d39fd248abfd30da551c"
            ],
            "markers": "python_version >= '3.5'",
            "version": "==22.1.0"
        },
        "aws-sam-translator": {
            "hashes": [
                "sha256:08e182e76d6fabc13ce2f38b8a3932b3131407c6ad29ec2849ef3d9a41576b94",
                "sha256:93dc74614ab291c86be681e025679d08f4fa685ed6b55d410f62f2f235012205",
                "sha256:e86a67b87329a0de7d531d33257d1a448d0d6ecd84aee058d084957f28a8e4b1"
            ],
            "markers": "python_version >= '3.7' and python_version != '4.0' and python_version <= '4.0'",
            "version": "==1.55.0"
        },
        "backports.shutil-get-terminal-size": {
            "hashes": [
                "sha256:0975ba55054c15e346944b38956a4c9cbee9009391e41b86c68990effb8c1f64",
                "sha256:713e7a8228ae80341c70586d1cc0a8caa5207346927e23d09dcbcaf18eadec80"
            ],
            "version": "==1.0.0"
        },
        "boto3": {
            "hashes": [
                "sha256:a2349d436db6f6aa1e0def5501e4884572eb6f008f35063a359a6fa8ba3539b7",
                "sha256:b1d2521bd2239c4d2d8ee2a79d932bc64bf4779521ecc60c1074ae8a5d88adaa"
            ],
            "markers": "python_version >= '3.7'",
            "version": "==1.26.26"
        },
        "botocore": {
            "hashes": [
                "sha256:2ca26983156fe0846a87b9325205af6bc56268fb99b8b4b9decccf50203ff3b4",
                "sha256:f71220fe5a5d393c391ed81a291c0d0985f147568c56da236453043f93727a34"
            ],
            "markers": "python_version >= '3.7'",
            "version": "==1.29.26"
        },
        "certifi": {
            "hashes": [
                "sha256:35824b4c3a97115964b408844d64aa14db1cc518f6562e8d7261699d1350a9e3",
                "sha256:4ad3232f5e926d6718ec31cfc1fcadfde020920e278684144551c91769c7bc18"
            ],
            "index": "pypi",
            "version": "==2022.12.7"
        },
        "cfn-lint": {
            "hashes": [
                "sha256:1117a0a50899807021fb7b87ebcfb04eddda06269d9a45c7dbbba3bc7c4631f5",
                "sha256:d7ef1658687cf119adcf6ec312f28b5adc312d80293a54cdd5c140e2695a243c"
            ],
            "markers": "python_version >= '3.7' and python_version != '4.0' and python_version <= '4.0'",
            "version": "==0.72.2"
        },
        "charset-normalizer": {
            "hashes": [
                "sha256:5a3d016c7c547f69d6f81fb0db9449ce888b418b5b9952cc5e6e66843e9dd845",
                "sha256:83e9a75d1911279afd89352c68b45348559d1fc0506b054b346651b5e7fee29f"
            ],
            "markers": "python_full_version >= '3.6.0'",
            "version": "==2.1.1"
        },
        "colorama": {
            "hashes": [
                "sha256:08695f5cb7ed6e0531a20572697297273c47b8cae5a63ffc6d6ed5c201be6e44",
                "sha256:4f1d9991f5acc0ca119f9d443620b77f9d6b33703e51011c16baf57afb285fc6"
            ],
            "markers": "python_version >= '2.7' and python_version not in '3.0, 3.1, 3.2, 3.3, 3.4, 3.5, 3.6'",
            "version": "==0.4.6"
        },
        "dataclasses-jsonschema": {
            "hashes": [
                "sha256:d203d6a16c990f7d09eae58c97ffaaea1e45ecb7a033d312e61e4c7836a741bf",
                "sha256:effb0c73db30a537a962da75c4f35b94a5b1b7c1b17806b1ef74aed8e0aa2768"
            ],
            "version": "==2.16.0"
        },
        "docker": {
            "hashes": [
                "sha256:d3393c878f575d3a9ca3b94471a3c89a6d960b35feb92f033c0de36cc9d934db",
                "sha256:f3607d5695be025fa405a12aca2e5df702a57db63790c73b927eb6a94aac60af"
            ],
            "markers": "python_version >= '2.7' and python_version not in '3.0, 3.1, 3.2, 3.3, 3.4'",
            "version": "==4.4.4"
        },
        "dulwich": {
            "hashes": [
                "sha256:06775c5713cfeda778c7c67d4422b5e7554d3a7f644f1dde646cdf486a30285a",
                "sha256:0c61c193d02c0e1e0d758cdd57ae76685c368d09a01f00d704ba88bd96767cfe",
                "sha256:0e4862f318d99cc8a500e3622a89613a88c07d957a0f628cdc2ed86addff790f",
                "sha256:0f9c4f2455f966cad94648278fa9972e4695b35d04f82792fa58e1ea15dd83f0",
                "sha256:11b180b80363b4fc70664197028181a17ae4c52df9965a29b62a6c52e40c2dbe",
                "sha256:2644466270267270f2157ea6f1c0aa224f6f3bf06a307fc39954e6b4b3d82bae",
                "sha256:2aa2a4a84029625bf9c63771f8a628db1f3be2d2ea3cb8b17942cd4317797152",
                "sha256:322ff8ff6aa4d6d36294cd36de1c84767eb1903c7db3e7b4475ad091febf5363",
                "sha256:3b1964fa80cafd5a1fd71615b0313daf6f3295c6ab05656ea0c1d2423539904a",
                "sha256:3fb35cedb1243bc420d885ef5b4afd642c6ac8f07ddfc7fdbca1becf9948bf7e",
                "sha256:4842e22ed863a776b36ef8ffe9ed7b772eb452b42c8d02975c29d27e3bc50ab4",
                "sha256:49f66f1c057c18d7d60363f461f4ab8329320fbe1f02a7a33c255864a7d3c942",
                "sha256:4aa1d0861517ebbbe0e0084cc9ab4f7ab720624a3eda2bd10e45f774ab858db8",
                "sha256:4bb23a9cec63e16c0e432335f068169b73dd44fa9318dd7cd7a4ca83607ff367",
                "sha256:4e541cd690a5e3d55082ed51732d755917e933cddeb4b0204f2a5ec5d5d7b60b",
                "sha256:50a941796b2c675be39be728d540c16b5b7ce77eb9e1b3f855650ece6832d2be",
                "sha256:519b627d49d273e2fd01c79d09e578675ca6cd05193c1787e9ef165c9a1d66ea",
                "sha256:5267619b34ddaf8d9a6b841492cd17a971fd25bf9a5657f2de928385c3a08b94",
                "sha256:5411d0f1092152e1c0bb916ae490fe181953ae1b8d13f4e68661253e10b78dbb",
                "sha256:57bff9bde0b6b05b00c6acbb1a94357caddb2908ed7026a48c715ff50d220335",
                "sha256:583c6bbc27f13fe2e41a19f6987a42681c6e4f6959beae0a6e5bb033b8b081a8",
                "sha256:5d3290a45651c8e534f8e83ae2e30322aefdd162f0f338bae2e79a6ee5a87513",
                "sha256:6343569f998ce429e2a5d813c56768ac51b496522401db950f0aa44240bfa901",
                "sha256:6a75cab01b909c4c683c2083e060e378bc01701b7366b5a7d9846ef6d3b9e3d5",
                "sha256:6d409a282f8848fd6c8d7c7545ad2f75c16de5d5977de202642f1d50fdaac554",
                "sha256:7301773e5cc16d521bc6490e73772a86a4d1d0263de506f08b54678cc4e2f061",
                "sha256:731e7f319b34251fadeb362ada1d52cc932369d9cdfa25c0e41150cda28773d0",
                "sha256:78c388ad421199000fb7b5ed5f0c7b509b3e31bd7cad303786a4d0bf89b82f60",
                "sha256:790e4a641284a7fb4d56ebdaf8b324a5826fbbb9c54307c06f586f9f6a5e56db",
                "sha256:7aaabb8e4beadd53f75f853a981caaadef3ef130e5645c902705704eaf136daa",
                "sha256:80ab07131a6e68594441f5c4767e9e44e87fceafc3e347e541c928a18c679bd8",
                "sha256:80e8750ee2fa0ab2784a095956077758e5f6107de27f637c4b9d18406652c22c",
                "sha256:8cc6092a4f0bbbff2e553e87a9c6325955b64ea43fca21297c8182e19ae8a43c",
                "sha256:8f3af857f94021cae1322d86925bfc0dd31e501e885ab5db275473bfac0bb39d",
                "sha256:9091f1d53a3c0747cbf0bd127c64e7f09b770264d8fb53e284383fcdf69154e7",
                "sha256:9163fbb021a8ad9c35a0814a5eedf45a8eb3a0b764b865d7016d901fc5a947fc",
                "sha256:97f02f8d500d4af08dc022d697c56e8539171acc3f575c2fe9acf3b078e5c8c9",
                "sha256:a24a3893108f3b97beb958670d5f3f2a3bec73a1fe18637a572a85abd949a1c4",
                "sha256:a344230cadfc5d315752add6ce9d4cfcfc6c85e36bbf57fce9444bcc7c6ea8fb",
                "sha256:a405cd236766060894411614a272cfb86fe86cde5ca73ef264fc4fa5a715fff4",
                "sha256:a6ec7c8fea2b44187a3b545e6c11ab9947ffb122647b07abcdb7cc3aaa770c0e",
                "sha256:af4adac92fb95671ea3a24f2f8e5e5e8f638711ce9c33a3ca6cd68bf1ff7d99f",
                "sha256:b4d11d44176e5d2fa8271fc86ad1e0a8731b9ad8f77df64c12846b30e16135eb",
                "sha256:b70106580ed11f45f4c32d2831d0c9c9f359bc2415fff4a6be443e3a36811398",
                "sha256:c075f69c2de19d9fd97e3b70832d2b42c6a4a5d909b3ffd1963b67d86029f95f",
                "sha256:c2edbff3053251985f10702adfafbee118298d383ef5b5b432a5f22d1f1915df",
                "sha256:c3dc9f97ec8d3db08d9723b9fd06f3e52c15b84c800d153cfb59b0a3dc8b8d40",
                "sha256:c7542a72c5640dd0620862d6df8688f02a6c336359b5af9b3fcfe11b7fa6652f",
                "sha256:c83e7840d9d0a94d7033bc109efe0c22dfcdcd816bcd4469085e42809e3bf5ba",
                "sha256:c96e3fb9d48c0454dc242c7accc7819780c9a7f29e441a9eff12361ed0fa35f9",
                "sha256:cb194c53109131bcbcd1ca430fcd437cdaf2d33e204e45fbe121c47eaa43e9af",
                "sha256:d2f7df39bd1378d3b0bfb3e7fc930fd0191924af1f0ef587bcd9946afe076c06",
                "sha256:d3ee45001411b638641819b7b3b33f31f13467c84066e432256580fcab7d8815",
                "sha256:d4629635a97e3af1b5da48071e00c8e70fad85f3266fadabe1f5a8f49172c507",
                "sha256:dd9fa00971ecf059bb358085a942ecac5be4ff71acdf299f44c8cbc45c18659f",
                "sha256:df3562dde3079d57287c233d45b790bc967c5aae975c9a7b07ca30e60e055512",
                "sha256:e1ae18d5805f0c0c5dac65795f8d48660437166b12ee2c0ffea95bfdbf9c1051",
                "sha256:e29a3c2037761fa816aa556e78364dfc8e3f44b873db2d17aed96f9b06ac83a3",
                "sha256:ea8ffe26d91dbcd5580dbd5a07270a12ea57b091604d77184da0a0d9fad50ed3",
                "sha256:ee0f9b02019c0ea84cdd31c00a0c283669b771c85612997a911715cf84e33d99",
                "sha256:eefe786a6010f8546baac4912113eeed4e397ddb8c433a345b548a04d4176496",
                "sha256:f08406b6b789dea5c95ba1130a0801d8748a67f18be940fe7486a8b481fde875",
                "sha256:fbb6368f18451dc44c95c55e1a609d1a01d3821f7ed480b22b2aea1baca0f4a7"
            ],
            "markers": "python_full_version >= '3.6.0'",
            "version": "==0.20.50"
        },
        "idna": {
            "hashes": [
                "sha256:814f528e8dead7d329833b91c5faa87d60bf71824cd12a7530b5526063d02cb4",
                "sha256:90b77e79eaa3eba6de819a0c442c0b4ceefc341a7a2ab77d7562bf49f425c5c2"
            ],
            "markers": "python_version >= '3.5'",
            "version": "==3.4"
        },
        "jinja2": {
            "hashes": [
                "sha256:03e47ad063331dd6a3f04a43eddca8a966a26ba0c5b7207a9a9e4e08f1b29419",
                "sha256:a6d58433de0ae800347cab1fa3043cebbabe8baa9d29e668f1c768cb87a333c6"
            ],
            "markers": "python_version >= '2.7' and python_version not in '3.0, 3.1, 3.2, 3.3, 3.4'",
            "version": "==2.11.3"
        },
        "jmespath": {
            "hashes": [
                "sha256:02e2e4cc71b5bcab88332eebf907519190dd9e6e82107fa7f83b1003a6252980",
                "sha256:90261b206d6defd58fdd5e85f478bf633a2901798906be2ad389150c5c60edbe"
            ],
            "markers": "python_version >= '3.7'",
            "version": "==1.0.1"
        },
        "jschema-to-python": {
            "hashes": [
                "sha256:76ff14fe5d304708ccad1284e4b11f96a658949a31ee7faed9e0995279549b91",
                "sha256:8a703ca7604d42d74b2815eecf99a33359a8dccbb80806cce386d5e2dd992b05"
            ],
            "markers": "python_version >= '2.7'",
            "version": "==1.2.3"
        },
        "jsonpatch": {
            "hashes": [
                "sha256:26ac385719ac9f54df8a2f0827bb8253aa3ea8ab7b3368457bcdb8c14595a397",
                "sha256:b6ddfe6c3db30d81a96aaeceb6baf916094ffa23d7dd5fa2c13e13f8b6e600c2"
            ],
            "markers": "python_version >= '2.7' and python_version not in '3.0, 3.1, 3.2, 3.3, 3.4'",
            "version": "==1.32"
        },
        "jsonpickle": {
            "hashes": [
                "sha256:504586e5c0fd52fd76a56f86c36f8c4d29778bdef92dc06d38ca6e2e9fc4f090",
                "sha256:7c4b13d595ff3520148ed870b9f5917023ebdc55c9ec0cb695688fdc16e90c3e"
            ],
            "markers": "python_version >= '3.7'",
            "version": "==3.0.0"
        },
        "jsonpointer": {
            "hashes": [
                "sha256:51801e558539b4e9cd268638c078c6c5746c9ac96bc38152d443400e4f3793e9",
                "sha256:97cba51526c829282218feb99dab1b1e6bdf8efd1c43dc9d57be093c0d69c99a"
            ],
            "markers": "python_version >= '2.7' and python_version not in '3.0, 3.1, 3.2, 3.3'",
            "version": "==2.3"
        },
        "jsonschema": {
            "hashes": [
                "sha256:4e5b3cf8216f577bee9ce139cbe72eca3ea4f292ec60928ff24758ce626cd163",
                "sha256:c8a85b28d377cc7737e46e2d9f2b4f44ee3c0e1deac6bf46ddefc7187d30797a"
            ],
            "version": "==3.2.0"
        },
        "junit-xml": {
            "hashes": [
                "sha256:ec5ca1a55aefdd76d28fcc0b135251d156c7106fa979686a4b48d62b761b4732"
            ],
            "version": "==1.9"
        },
        "markupsafe": {
            "hashes": [
                "sha256:0212a68688482dc52b2d45013df70d169f542b7394fc744c02a57374a4207003",
                "sha256:089cf3dbf0cd6c100f02945abeb18484bd1ee57a079aefd52cffd17fba910b88",
                "sha256:10c1bfff05d95783da83491be968e8fe789263689c02724e0c691933c52994f5",
                "sha256:33b74d289bd2f5e527beadcaa3f401e0df0a89927c1559c8566c066fa4248ab7",
                "sha256:3799351e2336dc91ea70b034983ee71cf2f9533cdff7c14c90ea126bfd95d65a",
                "sha256:3ce11ee3f23f79dbd06fb3d63e2f6af7b12db1d46932fe7bd8afa259a5996603",
                "sha256:421be9fbf0ffe9ffd7a378aafebbf6f4602d564d34be190fc19a193232fd12b1",
                "sha256:43093fb83d8343aac0b1baa75516da6092f58f41200907ef92448ecab8825135",
                "sha256:46d00d6cfecdde84d40e572d63735ef81423ad31184100411e6e3388d405e247",
                "sha256:4a33dea2b688b3190ee12bd7cfa29d39c9ed176bda40bfa11099a3ce5d3a7ac6",
                "sha256:4b9fe39a2ccc108a4accc2676e77da025ce383c108593d65cc909add5c3bd601",
                "sha256:56442863ed2b06d19c37f94d999035e15ee982988920e12a5b4ba29b62ad1f77",
                "sha256:671cd1187ed5e62818414afe79ed29da836dde67166a9fac6d435873c44fdd02",
                "sha256:694deca8d702d5db21ec83983ce0bb4b26a578e71fbdbd4fdcd387daa90e4d5e",
                "sha256:6a074d34ee7a5ce3effbc526b7083ec9731bb3cbf921bbe1d3005d4d2bdb3a63",
                "sha256:6d0072fea50feec76a4c418096652f2c3238eaa014b2f94aeb1d56a66b41403f",
                "sha256:6fbf47b5d3728c6aea2abb0589b5d30459e369baa772e0f37a0320185e87c980",
                "sha256:7f91197cc9e48f989d12e4e6fbc46495c446636dfc81b9ccf50bb0ec74b91d4b",
                "sha256:86b1f75c4e7c2ac2ccdaec2b9022845dbb81880ca318bb7a0a01fbf7813e3812",
                "sha256:8dc1c72a69aa7e082593c4a203dcf94ddb74bb5c8a731e4e1eb68d031e8498ff",
                "sha256:8e3dcf21f367459434c18e71b2a9532d96547aef8a871872a5bd69a715c15f96",
                "sha256:8e576a51ad59e4bfaac456023a78f6b5e6e7651dcd383bcc3e18d06f9b55d6d1",
                "sha256:96e37a3dc86e80bf81758c152fe66dbf60ed5eca3d26305edf01892257049925",
                "sha256:97a68e6ada378df82bc9f16b800ab77cbf4b2fada0081794318520138c088e4a",
                "sha256:99a2a507ed3ac881b975a2976d59f38c19386d128e7a9a18b7df6fff1fd4c1d6",
                "sha256:a49907dd8420c5685cfa064a1335b6754b74541bbb3706c259c02ed65b644b3e",
                "sha256:b09bf97215625a311f669476f44b8b318b075847b49316d3e28c08e41a7a573f",
                "sha256:b7bd98b796e2b6553da7225aeb61f447f80a1ca64f41d83612e6139ca5213aa4",
                "sha256:b87db4360013327109564f0e591bd2a3b318547bcef31b468a92ee504d07ae4f",
                "sha256:bcb3ed405ed3222f9904899563d6fc492ff75cce56cba05e32eff40e6acbeaa3",
                "sha256:d4306c36ca495956b6d568d276ac11fdd9c30a36f1b6eb928070dc5360b22e1c",
                "sha256:d5ee4f386140395a2c818d149221149c54849dfcfcb9f1debfe07a8b8bd63f9a",
                "sha256:dda30ba7e87fbbb7eab1ec9f58678558fd9a6b8b853530e176eabd064da81417",
                "sha256:e04e26803c9c3851c931eac40c695602c6295b8d432cbe78609649ad9bd2da8a",
                "sha256:e1c0b87e09fa55a220f058d1d49d3fb8df88fbfab58558f1198e08c1e1de842a",
                "sha256:e72591e9ecd94d7feb70c1cbd7be7b3ebea3f548870aa91e2732960fa4d57a37",
                "sha256:e8c843bbcda3a2f1e3c2ab25913c80a3c5376cd00c6e8c4a86a89a28c8dc5452",
                "sha256:efc1913fd2ca4f334418481c7e595c00aad186563bbc1ec76067848c7ca0a933",
                "sha256:f121a1420d4e173a5d96e47e9a0c0dcff965afdf1626d28de1460815f7c4ee7a",
                "sha256:fc7b548b17d238737688817ab67deebb30e8073c95749d55538ed473130ec0c7"
            ],
            "markers": "python_version >= '3.7'",
            "version": "==2.1.1"
        },
        "mock": {
            "hashes": [
                "sha256:5ce3c71c5545b472da17b72268978914d0252980348636840bd34a00b5cc96c1",
                "sha256:b158b6df76edd239b8208d481dc46b6afd45a846b7812ff0ce58971cf5bc8bba"
            ],
            "version": "==2.0.0"
        },
        "networkx": {
            "hashes": [
                "sha256:230d388117af870fce5647a3c52401fcf753e94720e6ea6b4197a5355648885e",
                "sha256:e435dfa75b1d7195c7b8378c3859f0445cd88c6b0375c181ed66823a9ceb7524"
            ],
            "markers": "python_version >= '3.8'",
            "version": "==2.8.8"
        },
        "pbr": {
            "hashes": [
                "sha256:b97bc6695b2aff02144133c2e7399d5885223d42b7912ffaec2ca3898e673bfe",
                "sha256:db2317ff07c84c4c63648c9064a79fe9d9f5c7ce85a9099d4b6258b3db83225a"
            ],
            "markers": "python_version >= '2.6'",
            "version": "==5.11.0"
        },
        "pip": {
            "hashes": [
                "sha256:65fd48317359f3af8e593943e6ae1506b66325085ea64b706a998c6e83eeaf38",
                "sha256:908c78e6bc29b676ede1c4d57981d490cb892eb45cd8c214ab6298125119e077"
            ],
            "markers": "python_version >= '3.7'",
            "version": "==22.3.1"
        },
        "pyrsistent": {
            "hashes": [
                "sha256:055ab45d5911d7cae397dc418808d8802fb95262751872c841c170b0dbf51eed",
                "sha256:111156137b2e71f3a9936baf27cb322e8024dac3dc54ec7fb9f0bcf3249e68bb",
                "sha256:187d5730b0507d9285a96fca9716310d572e5464cadd19f22b63a6976254d77a",
                "sha256:21455e2b16000440e896ab99e8304617151981ed40c29e9507ef1c2e4314ee95",
                "sha256:2aede922a488861de0ad00c7630a6e2d57e8023e4be72d9d7147a9fcd2d30712",
                "sha256:3ba4134a3ff0fc7ad225b6b457d1309f4698108fb6b35532d015dca8f5abed73",
                "sha256:456cb30ca8bff00596519f2c53e42c245c09e1a4543945703acd4312949bfd41",
                "sha256:71d332b0320642b3261e9fee47ab9e65872c2bd90260e5d225dabeed93cbd42b",
                "sha256:879b4c2f4d41585c42df4d7654ddffff1239dc4065bc88b745f0341828b83e78",
                "sha256:9cd3e9978d12b5d99cbdc727a3022da0430ad007dacf33d0bf554b96427f33ab",
                "sha256:a178209e2df710e3f142cbd05313ba0c5ebed0a55d78d9945ac7a4e09d923308",
                "sha256:b39725209e06759217d1ac5fcdb510e98670af9e37223985f330b611f62e7425",
                "sha256:bfa0351be89c9fcbcb8c9879b826f4353be10f58f8a677efab0c017bf7137ec2",
                "sha256:bfd880614c6237243ff53a0539f1cb26987a6dc8ac6e66e0c5a40617296a045e",
                "sha256:c43bec251bbd10e3cb58ced80609c5c1eb238da9ca78b964aea410fb820d00d6",
                "sha256:d690b18ac4b3e3cab73b0b7aa7dbe65978a172ff94970ff98d82f2031f8971c2",
                "sha256:d6982b5a0237e1b7d876b60265564648a69b14017f3b5f908c5be2de3f9abb7a",
                "sha256:dec3eac7549869365fe263831f576c8457f6c833937c68542d08fde73457d291",
                "sha256:e371b844cec09d8dc424d940e54bba8f67a03ebea20ff7b7b0d56f526c71d584",
                "sha256:e5d8f84d81e3729c3b506657dddfe46e8ba9c330bf1858ee33108f8bb2adb38a",
                "sha256:ea6b79a02a28550c98b6ca9c35b9f492beaa54d7c5c9e9949555893c8a9234d0",
                "sha256:f1258f4e6c42ad0b20f9cfcc3ada5bd6b83374516cd01c0960e3cb75fdca6770"
            ],
            "markers": "python_version >= '3.7'",
            "version": "==0.19.2"
        },
        "python-dateutil": {
            "hashes": [
                "sha256:0123cacc1627ae19ddf3c27a5de5bd67ee4586fbdd6440d9748f8abb483d3e86",
                "sha256:961d03dc3453ebbc59dbdea9e4e11c5651520a876d0f4db161e8674aae935da9"
            ],
            "markers": "python_version >= '2.7' and python_version not in '3.0, 3.1, 3.2, 3.3'",
            "version": "==2.8.2"
        },
        "pyyaml": {
            "hashes": [
                "sha256:08682f6b72c722394747bddaf0aa62277e02557c0fd1c42cb853016a38f8dedf",
                "sha256:0f5f5786c0e09baddcd8b4b45f20a7b5d61a7e7e99846e3c799b05c7c53fa696",
                "sha256:129def1b7c1bf22faffd67b8f3724645203b79d8f4cc81f674654d9902cb4393",
                "sha256:294db365efa064d00b8d1ef65d8ea2c3426ac366c0c4368d930bf1c5fb497f77",
                "sha256:3b2b1824fe7112845700f815ff6a489360226a5609b96ec2190a45e62a9fc922",
                "sha256:3bd0e463264cf257d1ffd2e40223b197271046d09dadf73a0fe82b9c1fc385a5",
                "sha256:4465124ef1b18d9ace298060f4eccc64b0850899ac4ac53294547536533800c8",
                "sha256:49d4cdd9065b9b6e206d0595fee27a96b5dd22618e7520c33204a4a3239d5b10",
                "sha256:4e0583d24c881e14342eaf4ec5fbc97f934b999a6828693a99157fde912540cc",
                "sha256:5accb17103e43963b80e6f837831f38d314a0495500067cb25afab2e8d7a4018",
                "sha256:607774cbba28732bfa802b54baa7484215f530991055bb562efbed5b2f20a45e",
                "sha256:6c78645d400265a062508ae399b60b8c167bf003db364ecb26dcab2bda048253",
                "sha256:72a01f726a9c7851ca9bfad6fd09ca4e090a023c00945ea05ba1638c09dc3347",
                "sha256:74c1485f7707cf707a7aef42ef6322b8f97921bd89be2ab6317fd782c2d53183",
                "sha256:895f61ef02e8fed38159bb70f7e100e00f471eae2bc838cd0f4ebb21e28f8541",
                "sha256:8c1be557ee92a20f184922c7b6424e8ab6691788e6d86137c5d93c1a6ec1b8fb",
                "sha256:bb4191dfc9306777bc594117aee052446b3fa88737cd13b7188d0e7aa8162185",
                "sha256:bfb51918d4ff3d77c1c856a9699f8492c612cde32fd3bcd344af9be34999bfdc",
                "sha256:c20cfa2d49991c8b4147af39859b167664f2ad4561704ee74c1de03318e898db",
                "sha256:cb333c16912324fd5f769fff6bc5de372e9e7a202247b48870bc251ed40239aa",
                "sha256:d2d9808ea7b4af864f35ea216be506ecec180628aced0704e34aca0b040ffe46",
                "sha256:d483ad4e639292c90170eb6f7783ad19490e7a8defb3e46f97dfe4bacae89122",
                "sha256:dd5de0646207f053eb0d6c74ae45ba98c3395a571a2891858e87df7c9b9bd51b",
                "sha256:e1d4970ea66be07ae37a3c2e48b5ec63f7ba6804bdddfdbd3cfd954d25a82e63",
                "sha256:e4fac90784481d221a8e4b1162afa7c47ed953be40d31ab4629ae917510051df",
                "sha256:fa5ae20527d8e831e8230cbffd9f8fe952815b2b7dae6ffec25318803a7528fc",
                "sha256:fd7f6999a8070df521b6384004ef42833b9bd62cfee11a09bda1079b4b704247",
                "sha256:fdc842473cd33f45ff6bce46aea678a54e3d21f1b61a7750ce3c498eedfe25d6",
                "sha256:fe69978f3f768926cfa37b867e3843918e012cf83f680806599ddce33c2c68b0"
            ],
            "markers": "python_version >= '2.7' and python_version not in '3.0, 3.1, 3.2, 3.3, 3.4, 3.5'",
            "version": "==5.4.1"
        },
        "reprint": {
            "hashes": [
                "sha256:0ebc4dc21aefc810205f3fcc21783ea91bb96292a8500663482e864989bff54d"
            ],
            "version": "==0.6.0"
        },
        "requests": {
            "hashes": [
                "sha256:7c5599b102feddaa661c826c56ab4fee28bfd17f5abca1ebbe3e7f19d7c97983",
                "sha256:8fefa2a1a1365bf5520aac41836fbee479da67864514bdb821f31ce07ce65349"
            ],
            "markers": "python_version >= '3.7' and python_version < '4'",
            "version": "==2.28.1"
        },
        "s3transfer": {
            "hashes": [
                "sha256:06176b74f3a15f61f1b4f25a1fc29a4429040b7647133a463da8fa5bd28d5ecd",
                "sha256:2ed07d3866f523cc561bf4a00fc5535827981b117dd7876f036b0c1aca42c947"
            ],
            "markers": "python_version >= '3.7'",
            "version": "==0.6.0"
        },
        "sarif-om": {
            "hashes": [
                "sha256:539ef47a662329b1c8502388ad92457425e95dc0aaaf995fe46f4984c4771911",
                "sha256:cd5f416b3083e00d402a92e449a7ff67af46f11241073eea0461802a3b5aef98"
            ],
            "markers": "python_version >= '2.7'",
            "version": "==1.0.4"
        },
        "setuptools": {
            "hashes": [
                "sha256:57f6f22bde4e042978bcd50176fdb381d7c21a9efa4041202288d3737a0c6a54",
                "sha256:a7620757bf984b58deaf32fc8a4577a9bbc0850cf92c20e1ce41c38c19e5fb75"
            ],
            "markers": "python_version >= '3.7'",
            "version": "==65.6.3"
        },
        "six": {
            "hashes": [
                "sha256:1e61c37477a1626458e36f7b1d82aa5c9b094fa4802892072e49de9c60c4c926",
                "sha256:8abb2f1d86890a2dfb989f9a77cfcfd3e47c2a354b01111771326f8aa26e0254"
            ],
            "markers": "python_version >= '2.7' and python_version not in '3.0, 3.1, 3.2, 3.3'",
            "version": "==1.16.0"
        },
        "tabulate": {
            "hashes": [
                "sha256:0095b12bf5966de529c0feb1fa08671671b3368eec77d7ef7ab114be2c068b3c",
                "sha256:024ca478df22e9340661486f85298cff5f6dcdba14f3813e8830015b9ed1948f"
            ],
            "markers": "python_version >= '3.7'",
            "version": "==0.9.0"
        },
        "taskcat": {
            "hashes": [
                "sha256:bcada35b33c70050529238d1d92c280f1fe24e597f7a81f385256e2cb4932d18"
            ],
            "index": "pypi",
            "version": "==0.9.23"
        },
        "urllib3": {
            "hashes": [
                "sha256:47cc05d99aaa09c9e72ed5809b60e7ba354e64b59c9c173ac3018642d8bb41fc",
                "sha256:c083dd0dce68dbfbe1129d5271cb90f9447dea7d52097c6e0126120c521ddea8"
            ],
            "markers": "python_version >= '2.7' and python_version not in '3.0, 3.1, 3.2, 3.3, 3.4, 3.5'",
            "version": "==1.26.13"
        },
        "websocket-client": {
            "hashes": [
                "sha256:d6b06432f184438d99ac1f456eaf22fe1ade524c3dd16e661142dc54e9cba574",
                "sha256:d6e8f90ca8e2dd4e8027c4561adeb9456b54044312dba655e7cae652ceb9ae59"
            ],
            "markers": "python_version >= '3.7'",
            "version": "==1.4.2"
        },
        "yattag": {
            "hashes": [
                "sha256:5731a31cb7452c0c6930dd1a284e0170b39eee959851a2aceb8d6af4134a5fa8"
            ],
            "version": "==1.14.0"
        }
    }
}
